
Microsoft Visual Studio Solution File, Format Version 12.00
# Visual Studio Version 16
VisualStudioVersion = 16.0.31313.79
MinimumVisualStudioVersion = 10.0.40219.1
Project("{FAE04EC0-301F-11D3-BF4B-00C04F79EFBC}") = "TranslateApp", "TranslateApp\TranslateApp.csproj", "{22AEF940-5305-4F64-8C16-7D19CBB05D44}"
EndProject
Global
	GlobalSection(SolutionConfigurationPlatforms) = preSolution
		Debug|Any CPU = Debug|Any CPU
		Release|Any CPU = Release|Any CPU
	EndGlobalSection
	GlobalSection(ProjectConfigurationPlatforms) = postSolution
		{22AEF940-5305-4F64-8C16-7D19CBB05D44}.Debug|Any CPU.ActiveCfg = Debug|Any CPU
		{22AEF940-5305-4F64-8C16-7D19CBB05D44}.Debug|Any CPU.Build.0 = Debug|Any CPU
		{22AEF940-5305-4F64-8C16-7D19CBB05D44}.Release|Any CPU.ActiveCfg = Release|Any CPU
		{22AEF940-5305-4F64-8C16-7D19CBB05D44}.Release|Any CPU.Build.0 = Release|Any CPU
	EndGlobalSection
	GlobalSection(SolutionProperties) = preSolution
		HideSolutionNode = FALSE
	EndGlobalSection
	GlobalSection(ExtensibilityGlobals) = postSolution
		SolutionGuid = {106D34F3-909C-40BD-A706-BD47A19C09E6}
	EndGlobalSection
EndGlobal
